
Microsoft Visual Studio Solution File, Format Version 12.00
# Visual Studio Version 17
VisualStudioVersion = 17.5.002.0
MinimumVisualStudioVersion = 10.0.40219.1
Project("{9A19103F-16F7-4668-BE54-9A1E7A4F7556}") = "ProductApi", "ProductApi.csproj", "{180B02A2-BEF9-44E9-BAF5-B84D21DA3364}"
EndProject
Global
	GlobalSection(SolutionConfigurationPlatforms) = preSolution
		Debug|Any CPU = Debug|Any CPU
		Release|Any CPU = Release|Any CPU
	EndGlobalSection
	GlobalSection(ProjectConfigurationPlatforms) = postSolution
		{180B02A2-BEF9-44E9-BAF5-B84D21DA3364}.Debug|Any CPU.ActiveCfg = Debug|Any CPU
		{180B02A2-BEF9-44E9-BAF5-B84D21DA3364}.Debug|Any CPU.Build.0 = Debug|Any CPU
		{180B02A2-BEF9-44E9-BAF5-B84D21DA3364}.Release|Any CPU.ActiveCfg = Release|Any CPU
		{180B02A2-BEF9-44E9-BAF5-B84D21DA3364}.Release|Any CPU.Build.0 = Release|Any CPU
	EndGlobalSection
	GlobalSection(SolutionProperties) = preSolution
		HideSolutionNode = FALSE
	EndGlobalSection
	GlobalSection(ExtensibilityGlobals) = postSolution
		SolutionGuid = {9C09FB17-1E9C-4C62-B777-C00A08D5FCC4}
	EndGlobalSection
EndGlobal
